
Microsoft Visual Studio Solution File, Format Version 12.00
# Visual Studio Version 17
VisualStudioVersion = 17.4.33110.190
MinimumVisualStudioVersion = 10.0.40219.1
Project("{FAE04EC0-301F-11D3-BF4B-00C04F79EFBC}") = "dairy_pro", "dairy_pro\dairy_pro.csproj", "{7424D9B6-1B85-4172-89F7-C5B092421244}"
EndProject
Global
	GlobalSection(SolutionConfigurationPlatforms) = preSolution
		Debug|Any CPU = Debug|Any CPU
		Release|Any CPU = Release|Any CPU
	EndGlobalSection
	GlobalSection(ProjectConfigurationPlatforms) = postSolution
		{7424D9B6-1B85-4172-89F7-C5B092421244}.Debug|Any CPU.ActiveCfg = Debug|Any CPU
		{7424D9B6-1B85-4172-89F7-C5B092421244}.Debug|Any CPU.Build.0 = Debug|Any CPU
		{7424D9B6-1B85-4172-89F7-C5B092421244}.Release|Any CPU.ActiveCfg = Release|Any CPU
		{7424D9B6-1B85-4172-89F7-C5B092421244}.Release|Any CPU.Build.0 = Release|Any CPU
	EndGlobalSection
	GlobalSection(SolutionProperties) = preSolution
		HideSolutionNode = FALSE
	EndGlobalSection
	GlobalSection(ExtensibilityGlobals) = postSolution
		SolutionGuid = {235CF08F-409D-40D1-950B-00CA65819AE2}
	EndGlobalSection
EndGlobal
